
Microsoft Visual Studio Solution File, Format Version 12.00
Project("{FAE04EC0-301F-11D3-BF4B-00C04F79EFBC}") = "Api", "Api\Api.csproj", "{E6046B70-A6BC-4B08-B758-080B139E3F5E}"
EndProject
Project("{FAE04EC0-301F-11D3-BF4B-00C04F79EFBC}") = "Domain", "Domain\Domain.csproj", "{A6177503-36F3-460B-B548-DA8A3474934A}"
EndProject
Project("{FAE04EC0-301F-11D3-BF4B-00C04F79EFBC}") = "Tests", "Tests\Tests.csproj", "{39076928-C0D8-46C1-BD2F-8542E7737FFA}"
EndProject
Project("{FAE04EC0-301F-11D3-BF4B-00C04F79EFBC}") = "Application", "Application\Application.csproj", "{F0A246E8-14B8-4F1C-85C7-8CD594862E89}"
EndProject
Project("{FAE04EC0-301F-11D3-BF4B-00C04F79EFBC}") = "Infrastructure", "Infrastructure\Infrastructure.csproj", "{B556857D-691E-44ED-BEC6-7AAEFD995C78}"
EndProject
Global
	GlobalSection(SolutionConfigurationPlatforms) = preSolution
		Debug|Any CPU = Debug|Any CPU
		Release|Any CPU = Release|Any CPU
	EndGlobalSection
	GlobalSection(ProjectConfigurationPlatforms) = postSolution
		{E6046B70-A6BC-4B08-B758-080B139E3F5E}.Debug|Any CPU.ActiveCfg = Debug|Any CPU
		{E6046B70-A6BC-4B08-B758-080B139E3F5E}.Debug|Any CPU.Build.0 = Debug|Any CPU
		{E6046B70-A6BC-4B08-B758-080B139E3F5E}.Release|Any CPU.ActiveCfg = Release|Any CPU
		{E6046B70-A6BC-4B08-B758-080B139E3F5E}.Release|Any CPU.Build.0 = Release|Any CPU
		{A6177503-36F3-460B-B548-DA8A3474934A}.Debug|Any CPU.ActiveCfg = Debug|Any CPU
		{A6177503-36F3-460B-B548-DA8A3474934A}.Debug|Any CPU.Build.0 = Debug|Any CPU
		{A6177503-36F3-460B-B548-DA8A3474934A}.Release|Any CPU.ActiveCfg = Release|Any CPU
		{A6177503-36F3-460B-B548-DA8A3474934A}.Release|Any CPU.Build.0 = Release|Any CPU
		{39076928-C0D8-46C1-BD2F-8542E7737FFA}.Debug|Any CPU.ActiveCfg = Debug|Any CPU
		{39076928-C0D8-46C1-BD2F-8542E7737FFA}.Debug|Any CPU.Build.0 = Debug|Any CPU
		{39076928-C0D8-46C1-BD2F-8542E7737FFA}.Release|Any CPU.ActiveCfg = Release|Any CPU
		{39076928-C0D8-46C1-BD2F-8542E7737FFA}.Release|Any CPU.Build.0 = Release|Any CPU
		{F0A246E8-14B8-4F1C-85C7-8CD594862E89}.Debug|Any CPU.ActiveCfg = Debug|Any CPU
		{F0A246E8-14B8-4F1C-85C7-8CD594862E89}.Debug|Any CPU.Build.0 = Debug|Any CPU
		{F0A246E8-14B8-4F1C-85C7-8CD594862E89}.Release|Any CPU.ActiveCfg = Release|Any CPU
		{F0A246E8-14B8-4F1C-85C7-8CD594862E89}.Release|Any CPU.Build.0 = Release|Any CPU
		{B556857D-691E-44ED-BEC6-7AAEFD995C78}.Debug|Any CPU.ActiveCfg = Debug|Any CPU
		{B556857D-691E-44ED-BEC6-7AAEFD995C78}.Debug|Any CPU.Build.0 = Debug|Any CPU
		{B556857D-691E-44ED-BEC6-7AAEFD995C78}.Release|Any CPU.ActiveCfg = Release|Any CPU
		{B556857D-691E-44ED-BEC6-7AAEFD995C78}.Release|Any CPU.Build.0 = Release|Any CPU
	EndGlobalSection
EndGlobal
